// !$*UTF8*$!
{
	archiveVersion = 1;
	classes = {
	};
	objectVersion = 56;
	objects = {

/* Begin PBXBuildFile section */
		171E2FFD2B8DFFD40027EA52 /* URLAdress.swift in Sources */ = {isa = PBXBuildFile; fileRef = 171E2FFC2B8DFFD40027EA52 /* URLAdress.swift */; };
		171E30032B8E01950027EA52 /* ExtensionFirstView.swift in Sources */ = {isa = PBXBuildFile; fileRef = 171E30022B8E01950027EA52 /* ExtensionFirstView.swift */; };
		173A70B32B8E61EE0059904D /* LogInViewController.swift in Sources */ = {isa = PBXBuildFile; fileRef = 173A70B22B8E61EE0059904D /* LogInViewController.swift */; };
		173A70B52B8E62210059904D /* SignInViewController.swift in Sources */ = {isa = PBXBuildFile; fileRef = 173A70B42B8E62210059904D /* SignInViewController.swift */; };
		173A70B72B8E65AB0059904D /* ExtensionForSignLog.swift in Sources */ = {isa = PBXBuildFile; fileRef = 173A70B62B8E65AB0059904D /* ExtensionForSignLog.swift */; };
		1752D0DE2B8DB4C200CD4169 /* AppDelegate.swift in Sources */ = {isa = PBXBuildFile; fileRef = 1752D0DD2B8DB4C200CD4169 /* AppDelegate.swift */; };
		1752D0E02B8DB4C200CD4169 /* SceneDelegate.swift in Sources */ = {isa = PBXBuildFile; fileRef = 1752D0DF2B8DB4C200CD4169 /* SceneDelegate.swift */; };
		1752D0E22B8DB4C200CD4169 /* ViewController.swift in Sources */ = {isa = PBXBuildFile; fileRef = 1752D0E12B8DB4C200CD4169 /* ViewController.swift */; };
		1752D0E72B8DB4C300CD4169 /* Assets.xcassets in Resources */ = {isa = PBXBuildFile; fileRef = 1752D0E62B8DB4C300CD4169 /* Assets.xcassets */; };
		1752D0EA2B8DB4C300CD4169 /* LaunchScreen.storyboard in Resources */ = {isa = PBXBuildFile; fileRef = 1752D0E82B8DB4C300CD4169 /* LaunchScreen.storyboard */; };
		1752D0F52B8DB4C300CD4169 /* PlovProject_Pet_project_Tests.swift in Sources */ = {isa = PBXBuildFile; fileRef = 1752D0F42B8DB4C300CD4169 /* PlovProject_Pet_project_Tests.swift */; };
		1752D0FF2B8DB4C300CD4169 /* PlovProject_Pet_project_UITests.swift in Sources */ = {isa = PBXBuildFile; fileRef = 1752D0FE2B8DB4C300CD4169 /* PlovProject_Pet_project_UITests.swift */; };
		1752D1012B8DB4C300CD4169 /* PlovProject_Pet_project_UITestsLaunchTests.swift in Sources */ = {isa = PBXBuildFile; fileRef = 1752D1002B8DB4C300CD4169 /* PlovProject_Pet_project_UITestsLaunchTests.swift */; };
		1752D10F2B8DB56300CD4169 /* NetworkImageService.swift in Sources */ = {isa = PBXBuildFile; fileRef = 1752D10E2B8DB56300CD4169 /* NetworkImageService.swift */; };
		1752D1122B8DB57500CD4169 /* Alamofire in Frameworks */ = {isa = PBXBuildFile; productRef = 1752D1112B8DB57500CD4169 /* Alamofire */; };
		17C3336D2B8F78F100A158FB /* MenuViewController.swift in Sources */ = {isa = PBXBuildFile; fileRef = 17C3336C2B8F78F100A158FB /* MenuViewController.swift */; };
		17C3336F2B8F7BD200A158FB /* ExtensionMenuController.swift in Sources */ = {isa = PBXBuildFile; fileRef = 17C3336E2B8F7BD200A158FB /* ExtensionMenuController.swift */; };
/* End PBXBuildFile section */

/* Begin PBXContainerItemProxy section */
		1752D0F12B8DB4C300CD4169 /* PBXContainerItemProxy */ = {
			isa = PBXContainerItemProxy;
			containerPortal = 1752D0D22B8DB4C200CD4169 /* Project object */;
			proxyType = 1;
			remoteGlobalIDString = 1752D0D92B8DB4C200CD4169;
			remoteInfo = "PlovProject(Pet-project)";
		};
		1752D0FB2B8DB4C300CD4169 /* PBXContainerItemProxy */ = {
			isa = PBXContainerItemProxy;
			containerPortal = 1752D0D22B8DB4C200CD4169 /* Project object */;
			proxyType = 1;
			remoteGlobalIDString = 1752D0D92B8DB4C200CD4169;
			remoteInfo = "PlovProject(Pet-project)";
		};
/* End PBXContainerItemProxy section */

/* Begin PBXFileReference section */
		171E2FFC2B8DFFD40027EA52 /* URLAdress.swift */ = {isa = PBXFileReference; lastKnownFileType = sourcecode.swift; path = URLAdress.swift; sourceTree = "<group>"; };
		171E30022B8E01950027EA52 /* ExtensionFirstView.swift */ = {isa = PBXFileReference; lastKnownFileType = sourcecode.swift; path = ExtensionFirstView.swift; sourceTree = "<group>"; };
		173A70B22B8E61EE0059904D /* LogInViewController.swift */ = {isa = PBXFileReference; lastKnownFileType = sourcecode.swift; path = LogInViewController.swift; sourceTree = "<group>"; };
		173A70B42B8E62210059904D /* SignInViewController.swift */ = {isa = PBXFileReference; lastKnownFileType = sourcecode.swift; path = SignInViewController.swift; sourceTree = "<group>"; };
		173A70B62B8E65AB0059904D /* ExtensionForSignLog.swift */ = {isa = PBXFileReference; lastKnownFileType = sourcecode.swift; path = ExtensionForSignLog.swift; sourceTree = "<group>"; };
		1752D0DA2B8DB4C200CD4169 /* PlovProject(Pet-project).app */ = {isa = PBXFileReference; explicitFileType = wrapper.application; includeInIndex = 0; path = "PlovProject(Pet-project).app"; sourceTree = BUILT_PRODUCTS_DIR; };
		1752D0DD2B8DB4C200CD4169 /* AppDelegate.swift */ = {isa = PBXFileReference; lastKnownFileType = sourcecode.swift; path = AppDelegate.swift; sourceTree = "<group>"; };
		1752D0DF2B8DB4C200CD4169 /* SceneDelegate.swift */ = {isa = PBXFileReference; lastKnownFileType = sourcecode.swift; path = SceneDelegate.swift; sourceTree = "<group>"; };
		1752D0E12B8DB4C200CD4169 /* ViewController.swift */ = {isa = PBXFileReference; lastKnownFileType = sourcecode.swift; path = ViewController.swift; sourceTree = "<group>"; };
		1752D0E62B8DB4C300CD4169 /* Assets.xcassets */ = {isa = PBXFileReference; lastKnownFileType = folder.assetcatalog; path = Assets.xcassets; sourceTree = "<group>"; };
		1752D0E92B8DB4C300CD4169 /* Base */ = {isa = PBXFileReference; lastKnownFileType = file.storyboard; name = Base; path = Base.lproj/LaunchScreen.storyboard; sourceTree = "<group>"; };
		1752D0EB2B8DB4C300CD4169 /* Info.plist */ = {isa = PBXFileReference; lastKnownFileType = text.plist.xml; path = Info.plist; sourceTree = "<group>"; };
		1752D0F02B8DB4C300CD4169 /* PlovProject(Pet-project)Tests.xctest */ = {isa = PBXFileReference; explicitFileType = wrapper.cfbundle; includeInIndex = 0; path = "PlovProject(Pet-project)Tests.xctest"; sourceTree = BUILT_PRODUCTS_DIR; };
		1752D0F42B8DB4C300CD4169 /* PlovProject_Pet_project_Tests.swift */ = {isa = PBXFileReference; lastKnownFileType = sourcecode.swift; path = PlovProject_Pet_project_Tests.swift; sourceTree = "<group>"; };
		1752D0FA2B8DB4C300CD4169 /* PlovProject(Pet-project)UITests.xctest */ = {isa = PBXFileReference; explicitFileType = wrapper.cfbundle; includeInIndex = 0; path = "PlovProject(Pet-project)UITests.xctest"; sourceTree = BUILT_PRODUCTS_DIR; };
		1752D0FE2B8DB4C300CD4169 /* PlovProject_Pet_project_UITests.swift */ = {isa = PBXFileReference; lastKnownFileType = sourcecode.swift; path = PlovProject_Pet_project_UITests.swift; sourceTree = "<group>"; };
		1752D1002B8DB4C300CD4169 /* PlovProject_Pet_project_UITestsLaunchTests.swift */ = {isa = PBXFileReference; lastKnownFileType = sourcecode.swift; path = PlovProject_Pet_project_UITestsLaunchTests.swift; sourceTree = "<group>"; };
		1752D10E2B8DB56300CD4169 /* NetworkImageService.swift */ = {isa = PBXFileReference; lastKnownFileType = sourcecode.swift; path = NetworkImageService.swift; sourceTree = "<group>"; };
		17C3336C2B8F78F100A158FB /* MenuViewController.swift */ = {isa = PBXFileReference; lastKnownFileType = sourcecode.swift; path = MenuViewController.swift; sourceTree = "<group>"; };
		17C3336E2B8F7BD200A158FB /* ExtensionMenuController.swift */ = {isa = PBXFileReference; lastKnownFileType = sourcecode.swift; path = ExtensionMenuController.swift; sourceTree = "<group>"; };
/* End PBXFileReference section */

/* Begin PBXFrameworksBuildPhase section */
		1752D0D72B8DB4C200CD4169 /* Frameworks */ = {
			isa = PBXFrameworksBuildPhase;
			buildActionMask = 2147483647;
			files = (
				1752D1122B8DB57500CD4169 /* Alamofire in Frameworks */,
			);
			runOnlyForDeploymentPostprocessing = 0;
		};
		1752D0ED2B8DB4C300CD4169 /* Frameworks */ = {
			isa = PBXFrameworksBuildPhase;
			buildActionMask = 2147483647;
			files = (
			);
			runOnlyForDeploymentPostprocessing = 0;
		};
		1752D0F72B8DB4C300CD4169 /* Frameworks */ = {
			isa = PBXFrameworksBuildPhase;
			buildActionMask = 2147483647;
			files = (
			);
			runOnlyForDeploymentPostprocessing = 0;
		};
/* End PBXFrameworksBuildPhase section */

/* Begin PBXGroup section */
		171E2FFB2B8DFFBB0027EA52 /* NetworkService */ = {
			isa = PBXGroup;
			children = (
				1752D10E2B8DB56300CD4169 /* NetworkImageService.swift */,
				171E2FFC2B8DFFD40027EA52 /* URLAdress.swift */,
			);
			path = NetworkService;
			sourceTree = "<group>";
		};
		171E30012B8E017E0027EA52 /* extensions */ = {
			isa = PBXGroup;
			children = (
				171E30022B8E01950027EA52 /* ExtensionFirstView.swift */,
				173A70B62B8E65AB0059904D /* ExtensionForSignLog.swift */,
				17C3336E2B8F7BD200A158FB /* ExtensionMenuController.swift */,
			);
			path = extensions;
			sourceTree = "<group>";
		};
		171E30042B8E0A080027EA52 /* Application */ = {
			isa = PBXGroup;
			children = (
				1752D0DF2B8DB4C200CD4169 /* SceneDelegate.swift */,
				1752D0DD2B8DB4C200CD4169 /* AppDelegate.swift */,
			);
			path = Application;
			sourceTree = "<group>";
		};
		171E30052B8E0A2E0027EA52 /* SupportingsFiles */ = {
			isa = PBXGroup;
			children = (
				1752D0EB2B8DB4C300CD4169 /* Info.plist */,
				1752D0E82B8DB4C300CD4169 /* LaunchScreen.storyboard */,
				1752D0E62B8DB4C300CD4169 /* Assets.xcassets */,
			);
			path = SupportingsFiles;
			sourceTree = "<group>";
		};
		1752D0D12B8DB4C200CD4169 = {
			isa = PBXGroup;
			children = (
				1752D0DC2B8DB4C200CD4169 /* PlovProject(Pet-project) */,
				1752D0F32B8DB4C300CD4169 /* PlovProject(Pet-project)Tests */,
				1752D0FD2B8DB4C300CD4169 /* PlovProject(Pet-project)UITests */,
				1752D0DB2B8DB4C200CD4169 /* Products */,
			);
			sourceTree = "<group>";
		};
		1752D0DB2B8DB4C200CD4169 /* Products */ = {
			isa = PBXGroup;
			children = (
				1752D0DA2B8DB4C200CD4169 /* PlovProject(Pet-project).app */,
				1752D0F02B8DB4C300CD4169 /* PlovProject(Pet-project)Tests.xctest */,
				1752D0FA2B8DB4C300CD4169 /* PlovProject(Pet-project)UITests.xctest */,
			);
			name = Products;
			sourceTree = "<group>";
		};
		1752D0DC2B8DB4C200CD4169 /* PlovProject(Pet-project) */ = {
			isa = PBXGroup;
			children = (
				171E30052B8E0A2E0027EA52 /* SupportingsFiles */,
				171E30042B8E0A080027EA52 /* Application */,
				1752D1142B8DB8EB00CD4169 /* Controllers */,
				1752D1132B8DB8DE00CD4169 /* View */,
				1752D10D2B8DB54000CD4169 /* Service */,
			);
			path = "PlovProject(Pet-project)";
			sourceTree = "<group>";
		};
		1752D0F32B8DB4C300CD4169 /* PlovProject(Pet-project)Tests */ = {
			isa = PBXGroup;
			children = (
				1752D0F42B8DB4C300CD4169 /* PlovProject_Pet_project_Tests.swift */,
			);
			path = "PlovProject(Pet-project)Tests";
			sourceTree = "<group>";
		};
		1752D0FD2B8DB4C300CD4169 /* PlovProject(Pet-project)UITests */ = {
			isa = PBXGroup;
			children = (
				1752D0FE2B8DB4C300CD4169 /* PlovProject_Pet_project_UITests.swift */,
				1752D1002B8DB4C300CD4169 /* PlovProject_Pet_project_UITestsLaunchTests.swift */,
			);
			path = "PlovProject(Pet-project)UITests";
			sourceTree = "<group>";
		};
		1752D10D2B8DB54000CD4169 /* Service */ = {
			isa = PBXGroup;
			children = (
				171E2FFB2B8DFFBB0027EA52 /* NetworkService */,
			);
			path = Service;
			sourceTree = "<group>";
		};
		1752D1132B8DB8DE00CD4169 /* View */ = {
			isa = PBXGroup;
			children = (
				171E30012B8E017E0027EA52 /* extensions */,
			);
			path = View;
			sourceTree = "<group>";
		};
		1752D1142B8DB8EB00CD4169 /* Controllers */ = {
			isa = PBXGroup;
			children = (
				1752D0E12B8DB4C200CD4169 /* ViewController.swift */,
				173A70B22B8E61EE0059904D /* LogInViewController.swift */,
				173A70B42B8E62210059904D /* SignInViewController.swift */,
				17C3336C2B8F78F100A158FB /* MenuViewController.swift */,
			);
			path = Controllers;
			sourceTree = "<group>";
		};
/* End PBXGroup section */

/* Begin PBXNativeTarget section */
		1752D0D92B8DB4C200CD4169 /* PlovProject(Pet-project) */ = {
			isa = PBXNativeTarget;
			buildConfigurationList = 1752D1042B8DB4C300CD4169 /* Build configuration list for PBXNativeTarget "PlovProject(Pet-project)" */;
			buildPhases = (
				1752D0D62B8DB4C200CD4169 /* Sources */,
				1752D0D72B8DB4C200CD4169 /* Frameworks */,
				1752D0D82B8DB4C200CD4169 /* Resources */,
			);
			buildRules = (
			);
			dependencies = (
			);
			name = "PlovProject(Pet-project)";
			packageProductDependencies = (
				1752D1112B8DB57500CD4169 /* Alamofire */,
			);
			productName = "PlovProject(Pet-project)";
			productReference = 1752D0DA2B8DB4C200CD4169 /* PlovProject(Pet-project).app */;
			productType = "com.apple.product-type.application";
		};
		1752D0EF2B8DB4C300CD4169 /* PlovProject(Pet-project)Tests */ = {
			isa = PBXNativeTarget;
			buildConfigurationList = 1752D1072B8DB4C300CD4169 /* Build configuration list for PBXNativeTarget "PlovProject(Pet-project)Tests" */;
			buildPhases = (
				1752D0EC2B8DB4C300CD4169 /* Sources */,
				1752D0ED2B8DB4C300CD4169 /* Frameworks */,
				1752D0EE2B8DB4C300CD4169 /* Resources */,
			);
			buildRules = (
			);
			dependencies = (
				1752D0F22B8DB4C300CD4169 /* PBXTargetDependency */,
			);
			name = "PlovProject(Pet-project)Tests";
			productName = "PlovProject(Pet-project)Tests";
			productReference = 1752D0F02B8DB4C300CD4169 /* PlovProject(Pet-project)Tests.xctest */;
			productType = "com.apple.product-type.bundle.unit-test";
		};
		1752D0F92B8DB4C300CD4169 /* PlovProject(Pet-project)UITests */ = {
			isa = PBXNativeTarget;
			buildConfigurationList = 1752D10A2B8DB4C300CD4169 /* Build configuration list for PBXNativeTarget "PlovProject(Pet-project)UITests" */;
			buildPhases = (
				1752D0F62B8DB4C300CD4169 /* Sources */,
				1752D0F72B8DB4C300CD4169 /* Frameworks */,
				1752D0F82B8DB4C300CD4169 /* Resources */,
			);
			buildRules = (
			);
			dependencies = (
				1752D0FC2B8DB4C300CD4169 /* PBXTargetDependency */,
			);
			name = "PlovProject(Pet-project)UITests";
			productName = "PlovProject(Pet-project)UITests";
			productReference = 1752D0FA2B8DB4C300CD4169 /* PlovProject(Pet-project)UITests.xctest */;
			productType = "com.apple.product-type.bundle.ui-testing";
		};
/* End PBXNativeTarget section */

/* Begin PBXProject section */
		1752D0D22B8DB4C200CD4169 /* Project object */ = {
			isa = PBXProject;
			attributes = {
				BuildIndependentTargetsInParallel = 1;
				LastSwiftUpdateCheck = 1500;
				LastUpgradeCheck = 1500;
				TargetAttributes = {
					1752D0D92B8DB4C200CD4169 = {
						CreatedOnToolsVersion = 15.0;
					};
					1752D0EF2B8DB4C300CD4169 = {
						CreatedOnToolsVersion = 15.0;
						TestTargetID = 1752D0D92B8DB4C200CD4169;
					};
					1752D0F92B8DB4C300CD4169 = {
						CreatedOnToolsVersion = 15.0;
						TestTargetID = 1752D0D92B8DB4C200CD4169;
					};
				};
			};
			buildConfigurationList = 1752D0D52B8DB4C200CD4169 /* Build configuration list for PBXProject "PlovProject(Pet-project)" */;
			compatibilityVersion = "Xcode 14.0";
			developmentRegion = en;
			hasScannedForEncodings = 0;
			knownRegions = (
				en,
				Base,
			);
			mainGroup = 1752D0D12B8DB4C200CD4169;
			packageReferences = (
				1752D1102B8DB57500CD4169 /* XCRemoteSwiftPackageReference "Alamofire" */,
			);
			productRefGroup = 1752D0DB2B8DB4C200CD4169 /* Products */;
			projectDirPath = "";
			projectRoot = "";
			targets = (
				1752D0D92B8DB4C200CD4169 /* PlovProject(Pet-project) */,
				1752D0EF2B8DB4C300CD4169 /* PlovProject(Pet-project)Tests */,
				1752D0F92B8DB4C300CD4169 /* PlovProject(Pet-project)UITests */,
			);
		};
/* End PBXProject section */

/* Begin PBXResourcesBuildPhase section */
		1752D0D82B8DB4C200CD4169 /* Resources */ = {
			isa = PBXResourcesBuildPhase;
			buildActionMask = 2147483647;
			files = (
				1752D0EA2B8DB4C300CD4169 /* LaunchScreen.storyboard in Resources */,
				1752D0E72B8DB4C300CD4169 /* Assets.xcassets in Resources */,
			);
			runOnlyForDeploymentPostprocessing = 0;
		};
		1752D0EE2B8DB4C300CD4169 /* Resources */ = {
			isa = PBXResourcesBuildPhase;
			buildActionMask = 2147483647;
			files = (
			);
			runOnlyForDeploymentPostprocessing = 0;
		};
		1752D0F82B8DB4C300CD4169 /* Resources */ = {
			isa = PBXResourcesBuildPhase;
			buildActionMask = 2147483647;
			files = (
			);
			runOnlyForDeploymentPostprocessing = 0;
		};
/* End PBXResourcesBuildPhase section */

/* Begin PBXSourcesBuildPhase section */
		1752D0D62B8DB4C200CD4169 /* Sources */ = {
			isa = PBXSourcesBuildPhase;
			buildActionMask = 2147483647;
			files = (
				1752D0E22B8DB4C200CD4169 /* ViewController.swift in Sources */,
				1752D0DE2B8DB4C200CD4169 /* AppDelegate.swift in Sources */,
				1752D10F2B8DB56300CD4169 /* NetworkImageService.swift in Sources */,
				17C3336D2B8F78F100A158FB /* MenuViewController.swift in Sources */,
				173A70B32B8E61EE0059904D /* LogInViewController.swift in Sources */,
				173A70B52B8E62210059904D /* SignInViewController.swift in Sources */,
				171E30032B8E01950027EA52 /* ExtensionFirstView.swift in Sources */,
				17C3336F2B8F7BD200A158FB /* ExtensionMenuController.swift in Sources */,
				173A70B72B8E65AB0059904D /* ExtensionForSignLog.swift in Sources */,
				171E2FFD2B8DFFD40027EA52 /* URLAdress.swift in Sources */,
				1752D0E02B8DB4C200CD4169 /* SceneDelegate.swift in Sources */,
			);
			runOnlyForDeploymentPostprocessing = 0;
		};
		1752D0EC2B8DB4C300CD4169 /* Sources */ = {
			isa = PBXSourcesBuildPhase;
			buildActionMask = 2147483647;
			files = (
				1752D0F52B8DB4C300CD4169 /* PlovProject_Pet_project_Tests.swift in Sources */,
			);
			runOnlyForDeploymentPostprocessing = 0;
		};
		1752D0F62B8DB4C300CD4169 /* Sources */ = {
			isa = PBXSourcesBuildPhase;
			buildActionMask = 2147483647;
			files = (
				1752D0FF2B8DB4C300CD4169 /* PlovProject_Pet_project_UITests.swift in Sources */,
				1752D1012B8DB4C300CD4169 /* PlovProject_Pet_project_UITestsLaunchTests.swift in Sources */,
			);
			runOnlyForDeploymentPostprocessing = 0;
		};
/* End PBXSourcesBuildPhase section */

/* Begin PBXTargetDependency section */
		1752D0F22B8DB4C300CD4169 /* PBXTargetDependency */ = {
			isa = PBXTargetDependency;
			target = 1752D0D92B8DB4C200CD4169 /* PlovProject(Pet-project) */;
			targetProxy = 1752D0F12B8DB4C300CD4169 /* PBXContainerItemProxy */;
		};
		1752D0FC2B8DB4C300CD4169 /* PBXTargetDependency */ = {
			isa = PBXTargetDependency;
			target = 1752D0D92B8DB4C200CD4169 /* PlovProject(Pet-project) */;
			targetProxy = 1752D0FB2B8DB4C300CD4169 /* PBXContainerItemProxy */;
		};
/* End PBXTargetDependency section */

/* Begin PBXVariantGroup section */
		1752D0E82B8DB4C300CD4169 /* LaunchScreen.storyboard */ = {
			isa = PBXVariantGroup;
			children = (
				1752D0E92B8DB4C300CD4169 /* Base */,
			);
			name = LaunchScreen.storyboard;
			sourceTree = "<group>";
		};
/* End PBXVariantGroup section */

/* Begin XCBuildConfiguration section */
		1752D1022B8DB4C300CD4169 /* Debug */ = {
			isa = XCBuildConfiguration;
			buildSettings = {
				ALWAYS_SEARCH_USER_PATHS = NO;
				ASSETCATALOG_COMPILER_GENERATE_SWIFT_ASSET_SYMBOL_EXTENSIONS = YES;
				CLANG_ANALYZER_NONNULL = YES;
				CLANG_ANALYZER_NUMBER_OBJECT_CONVERSION = YES_AGGRESSIVE;
				CLANG_CXX_LANGUAGE_STANDARD = "gnu++20";
				CLANG_ENABLE_MODULES = YES;
				CLANG_ENABLE_OBJC_ARC = YES;
				CLANG_ENABLE_OBJC_WEAK = YES;
				CLANG_WARN_BLOCK_CAPTURE_AUTORELEASING = YES;
				CLANG_WARN_BOOL_CONVERSION = YES;
				CLANG_WARN_COMMA = YES;
				CLANG_WARN_CONSTANT_CONVERSION = YES;
				CLANG_WARN_DEPRECATED_OBJC_IMPLEMENTATIONS = YES;
				CLANG_WARN_DIRECT_OBJC_ISA_USAGE = YES_ERROR;
				CLANG_WARN_DOCUMENTATION_COMMENTS = YES;
				CLANG_WARN_EMPTY_BODY = YES;
				CLANG_WARN_ENUM_CONVERSION = YES;
				CLANG_WARN_INFINITE_RECURSION = YES;
				CLANG_WARN_INT_CONVERSION = YES;
				CLANG_WARN_NON_LITERAL_NULL_CONVERSION = YES;
				CLANG_WARN_OBJC_IMPLICIT_RETAIN_SELF = YES;
				CLANG_WARN_OBJC_LITERAL_CONVERSION = YES;
				CLANG_WARN_OBJC_ROOT_CLASS = YES_ERROR;
				CLANG_WARN_QUOTED_INCLUDE_IN_FRAMEWORK_HEADER = YES;
				CLANG_WARN_RANGE_LOOP_ANALYSIS = YES;
				CLANG_WARN_STRICT_PROTOTYPES = YES;
				CLANG_WARN_SUSPICIOUS_MOVE = YES;
				CLANG_WARN_UNGUARDED_AVAILABILITY = YES_AGGRESSIVE;
				CLANG_WARN_UNREACHABLE_CODE = YES;
				CLANG_WARN__DUPLICATE_METHOD_MATCH = YES;
				COPY_PHASE_STRIP = NO;
				DEBUG_INFORMATION_FORMAT = dwarf;
				ENABLE_STRICT_OBJC_MSGSEND = YES;
				ENABLE_TESTABILITY = YES;
				ENABLE_USER_SCRIPT_SANDBOXING = YES;
				GCC_C_LANGUAGE_STANDARD = gnu17;
				GCC_DYNAMIC_NO_PIC = NO;
				GCC_NO_COMMON_BLOCKS = YES;
				GCC_OPTIMIZATION_LEVEL = 0;
				GCC_PREPROCESSOR_DEFINITIONS = (
					"DEBUG=1",
					"$(inherited)",
				);
				GCC_WARN_64_TO_32_BIT_CONVERSION = YES;
				GCC_WARN_ABOUT_RETURN_TYPE = YES_ERROR;
				GCC_WARN_UNDECLARED_SELECTOR = YES;
				GCC_WARN_UNINITIALIZED_AUTOS = YES_AGGRESSIVE;
				GCC_WARN_UNUSED_FUNCTION = YES;
				GCC_WARN_UNUSED_VARIABLE = YES;
				IPHONEOS_DEPLOYMENT_TARGET = 17.0;
				LOCALIZATION_PREFERS_STRING_CATALOGS = YES;
				MTL_ENABLE_DEBUG_INFO = INCLUDE_SOURCE;
				MTL_FAST_MATH = YES;
				ONLY_ACTIVE_ARCH = YES;
				SDKROOT = iphoneos;
				SWIFT_ACTIVE_COMPILATION_CONDITIONS = "DEBUG $(inherited)";
				SWIFT_OPTIMIZATION_LEVEL = "-Onone";
			};
			name = Debug;
		};
		1752D1032B8DB4C300CD4169 /* Release */ = {
			isa = XCBuildConfiguration;
			buildSettings = {
				ALWAYS_SEARCH_USER_PATHS = NO;
				ASSETCATALOG_COMPILER_GENERATE_SWIFT_ASSET_SYMBOL_EXTENSIONS = YES;
				CLANG_ANALYZER_NONNULL = YES;
				CLANG_ANALYZER_NUMBER_OBJECT_CONVERSION = YES_AGGRESSIVE;
				CLANG_CXX_LANGUAGE_STANDARD = "gnu++20";
				CLANG_ENABLE_MODULES = YES;
				CLANG_ENABLE_OBJC_ARC = YES;
				CLANG_ENABLE_OBJC_WEAK = YES;
				CLANG_WARN_BLOCK_CAPTURE_AUTORELEASING = YES;
				CLANG_WARN_BOOL_CONVERSION = YES;
				CLANG_WARN_COMMA = YES;
				CLANG_WARN_CONSTANT_CONVERSION = YES;
				CLANG_WARN_DEPRECATED_OBJC_IMPLEMENTATIONS = YES;
				CLANG_WARN_DIRECT_OBJC_ISA_USAGE = YES_ERROR;
				CLANG_WARN_DOCUMENTATION_COMMENTS = YES;
				CLANG_WARN_EMPTY_BODY = YES;
				CLANG_WARN_ENUM_CONVERSION = YES;
				CLANG_WARN_INFINITE_RECURSION = YES;
				CLANG_WARN_INT_CONVERSION = YES;
				CLANG_WARN_NON_LITERAL_NULL_CONVERSION = YES;
				CLANG_WARN_OBJC_IMPLICIT_RETAIN_SELF = YES;
				CLANG_WARN_OBJC_LITERAL_CONVERSION = YES;
				CLANG_WARN_OBJC_ROOT_CLASS = YES_ERROR;
				CLANG_WARN_QUOTED_INCLUDE_IN_FRAMEWORK_HEADER = YES;
				CLANG_WARN_RANGE_LOOP_ANALYSIS = YES;
				CLANG_WARN_STRICT_PROTOTYPES = YES;
				CLANG_WARN_SUSPICIOUS_MOVE = YES;
				CLANG_WARN_UNGUARDED_AVAILABILITY = YES_AGGRESSIVE;
				CLANG_WARN_UNREACHABLE_CODE = YES;
				CLANG_WARN__DUPLICATE_METHOD_MATCH = YES;
				COPY_PHASE_STRIP = NO;
				DEBUG_INFORMATION_FORMAT = "dwarf-with-dsym";
				ENABLE_NS_ASSERTIONS = NO;
				ENABLE_STRICT_OBJC_MSGSEND = YES;
				ENABLE_USER_SCRIPT_SANDBOXING = YES;
				GCC_C_LANGUAGE_STANDARD = gnu17;
				GCC_NO_COMMON_BLOCKS = YES;
				GCC_WARN_64_TO_32_BIT_CONVERSION = YES;
				GCC_WARN_ABOUT_RETURN_TYPE = YES_ERROR;
				GCC_WARN_UNDECLARED_SELECTOR = YES;
				GCC_WARN_UNINITIALIZED_AUTOS = YES_AGGRESSIVE;
				GCC_WARN_UNUSED_FUNCTION = YES;
				GCC_WARN_UNUSED_VARIABLE = YES;
				IPHONEOS_DEPLOYMENT_TARGET = 17.0;
				LOCALIZATION_PREFERS_STRING_CATALOGS = YES;
				MTL_ENABLE_DEBUG_INFO = NO;
				MTL_FAST_MATH = YES;
				SDKROOT = iphoneos;
				SWIFT_COMPILATION_MODE = wholemodule;
				VALIDATE_PRODUCT = YES;
			};
			name = Release;
		};
		1752D1052B8DB4C300CD4169 /* Debug */ = {
			isa = XCBuildConfiguration;
			buildSettings = {
				ASSETCATALOG_COMPILER_APPICON_NAME = AppIcon;
				ASSETCATALOG_COMPILER_GLOBAL_ACCENT_COLOR_NAME = AccentColor;
				CODE_SIGN_STYLE = Automatic;
				CURRENT_PROJECT_VERSION = 1;
				DEVELOPMENT_TEAM = Z96X7GW9YS;
				GENERATE_INFOPLIST_FILE = YES;
				INFOPLIST_FILE = "PlovProject(Pet-project)/SupportingsFiles/Info.plist";
				INFOPLIST_KEY_UIApplicationSupportsIndirectInputEvents = YES;
				INFOPLIST_KEY_UILaunchStoryboardName = LaunchScreen;
				INFOPLIST_KEY_UISupportedInterfaceOrientations_iPad = "UIInterfaceOrientationPortrait UIInterfaceOrientationPortraitUpsideDown UIInterfaceOrientationLandscapeLeft UIInterfaceOrientationLandscapeRight";
				INFOPLIST_KEY_UISupportedInterfaceOrientations_iPhone = "UIInterfaceOrientationPortrait UIInterfaceOrientationLandscapeLeft UIInterfaceOrientationLandscapeRight";
				LD_RUNPATH_SEARCH_PATHS = (
					"$(inherited)",
					"@executable_path/Frameworks",
				);
				MARKETING_VERSION = 1.0;
				PRODUCT_BUNDLE_IDENTIFIER = "Andrey.PlovProject-Pet-project-";
				PRODUCT_NAME = "$(TARGET_NAME)";
				SWIFT_EMIT_LOC_STRINGS = YES;
				SWIFT_VERSION = 5.0;
				TARGETED_DEVICE_FAMILY = "1,2";
			};
			name = Debug;
		};
		1752D1062B8DB4C300CD4169 /* Release */ = {
			isa = XCBuildConfiguration;
			buildSettings = {
				ASSETCATALOG_COMPILER_APPICON_NAME = AppIcon;
				ASSETCATALOG_COMPILER_GLOBAL_ACCENT_COLOR_NAME = AccentColor;
				CODE_SIGN_STYLE = Automatic;
				CURRENT_PROJECT_VERSION = 1;
				DEVELOPMENT_TEAM = Z96X7GW9YS;
				GENERATE_INFOPLIST_FILE = YES;
				INFOPLIST_FILE = "PlovProject(Pet-project)/SupportingsFiles/Info.plist";
				INFOPLIST_KEY_UIApplicationSupportsIndirectInputEvents = YES;
				INFOPLIST_KEY_UILaunchStoryboardName = LaunchScreen;
				INFOPLIST_KEY_UISupportedInterfaceOrientations_iPad = "UIInterfaceOrientationPortrait UIInterfaceOrientationPortraitUpsideDown UIInterfaceOrientationLandscapeLeft UIInterfaceOrientationLandscapeRight";
				INFOPLIST_KEY_UISupportedInterfaceOrientations_iPhone = "UIInterfaceOrientationPortrait UIInterfaceOrientationLandscapeLeft UIInterfaceOrientationLandscapeRight";
				LD_RUNPATH_SEARCH_PATHS = (
					"$(inherited)",
					"@executable_path/Frameworks",
				);
				MARKETING_VERSION = 1.0;
				PRODUCT_BUNDLE_IDENTIFIER = "Andrey.PlovProject-Pet-project-";
				PRODUCT_NAME = "$(TARGET_NAME)";
				SWIFT_EMIT_LOC_STRINGS = YES;
				SWIFT_VERSION = 5.0;
				TARGETED_DEVICE_FAMILY = "1,2";
			};
			name = Release;
		};
		1752D1082B8DB4C300CD4169 /* Debug */ = {
			isa = XCBuildConfiguration;
			buildSettings = {
				ALWAYS_EMBED_SWIFT_STANDARD_LIBRARIES = YES;
				BUNDLE_LOADER = "$(TEST_HOST)";
				CODE_SIGN_STYLE = Automatic;
				CURRENT_PROJECT_VERSION = 1;
				DEVELOPMENT_TEAM = Z96X7GW9YS;
				GENERATE_INFOPLIST_FILE = YES;
				IPHONEOS_DEPLOYMENT_TARGET = 17.0;
				MARKETING_VERSION = 1.0;
				PRODUCT_BUNDLE_IDENTIFIER = "Andrey.PlovProject-Pet-project-Tests";
				PRODUCT_NAME = "$(TARGET_NAME)";
				SWIFT_EMIT_LOC_STRINGS = NO;
				SWIFT_VERSION = 5.0;
				TARGETED_DEVICE_FAMILY = "1,2";
				TEST_HOST = "$(BUILT_PRODUCTS_DIR)/PlovProject(Pet-project).app/$(BUNDLE_EXECUTABLE_FOLDER_PATH)/PlovProject(Pet-project)";
			};
			name = Debug;
		};
		1752D1092B8DB4C300CD4169 /* Release */ = {
			isa = XCBuildConfiguration;
			buildSettings = {
				ALWAYS_EMBED_SWIFT_STANDARD_LIBRARIES = YES;
				BUNDLE_LOADER = "$(TEST_HOST)";
				CODE_SIGN_STYLE = Automatic;
				CURRENT_PROJECT_VERSION = 1;
				DEVELOPMENT_TEAM = Z96X7GW9YS;
				GENERATE_INFOPLIST_FILE = YES;
				IPHONEOS_DEPLOYMENT_TARGET = 17.0;
				MARKETING_VERSION = 1.0;
				PRODUCT_BUNDLE_IDENTIFIER = "Andrey.PlovProject-Pet-project-Tests";
				PRODUCT_NAME = "$(TARGET_NAME)";
				SWIFT_EMIT_LOC_STRINGS = NO;
				SWIFT_VERSION = 5.0;
				TARGETED_DEVICE_FAMILY = "1,2";
				TEST_HOST = "$(BUILT_PRODUCTS_DIR)/PlovProject(Pet-project).app/$(BUNDLE_EXECUTABLE_FOLDER_PATH)/PlovProject(Pet-project)";
			};
			name = Release;
		};
		1752D10B2B8DB4C300CD4169 /* Debug */ = {
			isa = XCBuildConfiguration;
			buildSettings = {
				ALWAYS_EMBED_SWIFT_STANDARD_LIBRARIES = YES;
				CODE_SIGN_STYLE = Automatic;
				CURRENT_PROJECT_VERSION = 1;
				DEVELOPMENT_TEAM = Z96X7GW9YS;
				GENERATE_INFOPLIST_FILE = YES;
				MARKETING_VERSION = 1.0;
				PRODUCT_BUNDLE_IDENTIFIER = "Andrey.PlovProject-Pet-project-UITests";
				PRODUCT_NAME = "$(TARGET_NAME)";
				SWIFT_EMIT_LOC_STRINGS = NO;
				SWIFT_VERSION = 5.0;
				TARGETED_DEVICE_FAMILY = "1,2";
				TEST_TARGET_NAME = "PlovProject(Pet-project)";
			};
			name = Debug;
		};
		1752D10C2B8DB4C300CD4169 /* Release */ = {
			isa = XCBuildConfiguration;
			buildSettings = {
				ALWAYS_EMBED_SWIFT_STANDARD_LIBRARIES = YES;
				CODE_SIGN_STYLE = Automatic;
				CURRENT_PROJECT_VERSION = 1;
				DEVELOPMENT_TEAM = Z96X7GW9YS;
				GENERATE_INFOPLIST_FILE = YES;
				MARKETING_VERSION = 1.0;
				PRODUCT_BUNDLE_IDENTIFIER = "Andrey.PlovProject-Pet-project-UITests";
				PRODUCT_NAME = "$(TARGET_NAME)";
				SWIFT_EMIT_LOC_STRINGS = NO;
				SWIFT_VERSION = 5.0;
				TARGETED_DEVICE_FAMILY = "1,2";
				TEST_TARGET_NAME = "PlovProject(Pet-project)";
			};
			name = Release;
		};
/* End XCBuildConfiguration section */

/* Begin XCConfigurationList section */
		1752D0D52B8DB4C200CD4169 /* Build configuration list for PBXProject "PlovProject(Pet-project)" */ = {
			isa = XCConfigurationList;
			buildConfigurations = (
				1752D1022B8DB4C300CD4169 /* Debug */,
				1752D1032B8DB4C300CD4169 /* Release */,
			);
			defaultConfigurationIsVisible = 0;
			defaultConfigurationName = Release;
		};
		1752D1042B8DB4C300CD4169 /* Build configuration list for PBXNativeTarget "PlovProject(Pet-project)" */ = {
			isa = XCConfigurationList;
			buildConfigurations = (
				1752D1052B8DB4C300CD4169 /* Debug */,
				1752D1062B8DB4C300CD4169 /* Release */,
			);
			defaultConfigurationIsVisible = 0;
			defaultConfigurationName = Release;
		};
		1752D1072B8DB4C300CD4169 /* Build configuration list for PBXNativeTarget "PlovProject(Pet-project)Tests" */ = {
			isa = XCConfigurationList;
			buildConfigurations = (
				1752D1082B8DB4C300CD4169 /* Debug */,
				1752D1092B8DB4C300CD4169 /* Release */,
			);
			defaultConfigurationIsVisible = 0;
			defaultConfigurationName = Release;
		};
		1752D10A2B8DB4C300CD4169 /* Build configuration list for PBXNativeTarget "PlovProject(Pet-project)UITests" */ = {
			isa = XCConfigurationList;
			buildConfigurations = (
				1752D10B2B8DB4C300CD4169 /* Debug */,
				1752D10C2B8DB4C300CD4169 /* Release */,
			);
			defaultConfigurationIsVisible = 0;
			defaultConfigurationName = Release;
		};
/* End XCConfigurationList section */

/* Begin XCRemoteSwiftPackageReference section */
		1752D1102B8DB57500CD4169 /* XCRemoteSwiftPackageReference "Alamofire" */ = {
			isa = XCRemoteSwiftPackageReference;
			repositoryURL = "https://github.com/Alamofire/Alamofire.git";
			requirement = {
				kind = upToNextMajorVersion;
				minimumVersion = 5.8.1;
			};
		};
/* End XCRemoteSwiftPackageReference section */

/* Begin XCSwiftPackageProductDependency section */
		1752D1112B8DB57500CD4169 /* Alamofire */ = {
			isa = XCSwiftPackageProductDependency;
			package = 1752D1102B8DB57500CD4169 /* XCRemoteSwiftPackageReference "Alamofire" */;
			productName = Alamofire;
		};
/* End XCSwiftPackageProductDependency section */
	};
	rootObject = 1752D0D22B8DB4C200CD4169 /* Project object */;
}
